
Microsoft Visual Studio Solution File, Format Version 12.00
# Visual Studio 15
VisualStudioVersion = 15.0.27703.2047
MinimumVisualStudioVersion = 10.0.40219.1
Project("{FAE04EC0-301F-11D3-BF4B-00C04F79EFBC}") = "CWPF-RPG", "CWPF-RPG\CWPF-RPG.csproj", "{C3586AB1-E9F9-4A1D-B987-084750F94B30}"
EndProject
Global
	GlobalSection(SolutionConfigurationPlatforms) = preSolution
		Debug|Any CPU = Debug|Any CPU
		Release|Any CPU = Release|Any CPU
	EndGlobalSection
	GlobalSection(ProjectConfigurationPlatforms) = postSolution
		{C3586AB1-E9F9-4A1D-B987-084750F94B30}.Debug|Any CPU.ActiveCfg = Debug|Any CPU
		{C3586AB1-E9F9-4A1D-B987-084750F94B30}.Debug|Any CPU.Build.0 = Debug|Any CPU
		{C3586AB1-E9F9-4A1D-B987-084750F94B30}.Release|Any CPU.ActiveCfg = Release|Any CPU
		{C3586AB1-E9F9-4A1D-B987-084750F94B30}.Release|Any CPU.Build.0 = Release|Any CPU
	EndGlobalSection
	GlobalSection(SolutionProperties) = preSolution
		HideSolutionNode = FALSE
	EndGlobalSection
	GlobalSection(ExtensibilityGlobals) = postSolution
		SolutionGuid = {C562C645-56BD-4680-9312-0308AE0359D9}
	EndGlobalSection
EndGlobal
